<?xml version="1.0" encoding="utf-8"?>
<Project ToolsVersion="4.0" xmlns="http://schemas.microsoft.com/developer/msbuild/2003">
  <ItemGroup>
    <ClCompile Include="src\main.cpp">
      <Filter>src</Filter>
    </ClCompile>
    <ClCompile Include="src\core\graphics\window.cpp" />
    <ClCompile Include="src\core\managers\update.cpp" />
    <ClCompile Include="src\core\managers\render.cpp" />
    <ClCompile Include="src\core\managers\input.cpp" />
    <ClCompile Include="src\core\managers\scene.cpp" />
    <ClCompile Include="src\core\object\gameobject.cpp" />
    <ClCompile Include="src\core\threads\threadpool.cpp">
      <Filter>src</Filter>
    </ClCompile>
    <ClCompile Include="src\core\engine.cpp" />
    <ClCompile Include="src\core\managers\resource.cpp" />
  </ItemGroup>
  <ItemGroup>
    <ClInclude Include="include\core\graphics\window.h">
      <Filter>headers</Filter>
    </ClInclude>
    <ClInclude Include="include\core\managers\input.h">
      <Filter>headers</Filter>
    </ClInclude>
    <ClInclude Include="include\core\managers\render.h">
      <Filter>headers</Filter>
    </ClInclude>
    <ClInclude Include="include\core\threads\thread_safe_queue.h">
      <Filter>headers</Filter>
    </ClInclude>
    <ClInclude Include="include\core\threads\threadpool.h">
      <Filter>headers</Filter>
    </ClInclude>
    <ClInclude Include="include\core\managers\update.h">
      <Filter>headers</Filter>
    </ClInclude>
    <ClInclude Include="include\core\object\gameobject.h" />
    <ClInclude Include="include\core\managers\scene.h" />
    <ClInclude Include="include\core\managers\resource.h" />
    <ClInclude Include="include\core\engine.h">
      <Filter>headers</Filter>
    </ClInclude>
  </ItemGroup>
  <ItemGroup>
    <Filter Include="src">
      <UniqueIdentifier>{cd42144b-067a-4c20-b208-75a55ecc2411}</UniqueIdentifier>
    </Filter>
    <Filter Include="headers">
      <UniqueIdentifier>{32b7bc29-e043-4b27-8cbb-99228f5317f8}</UniqueIdentifier>
    </Filter>
  </ItemGroup>
</Project>